Microsoft Visual Studio Solution File, Format Version 12.00
# Visual Studio Version 17
VisualStudioVersion = 17.5.2.0
MinimumVisualStudioVersion = 10.0.40219.1
Project("{FAE04EC0-301F-11D3-BF4B-00C04F79EFBC}") = "KassaProWeb", "KassaProWeb.csproj", "{653006AE-812D-9932-8B4C-54C5F2FD0A58}"
EndProject
Global
	GlobalSection(SolutionConfigurationPlatforms) = preSolution
		Debug|Any CPU = Debug|Any CPU
		Release|Any CPU = Release|Any CPU
	EndGlobalSection
	GlobalSection(ProjectConfigurationPlatforms) = postSolution
		{653006AE-812D-9932-8B4C-54C5F2FD0A58}.Debug|Any CPU.ActiveCfg = Debug|Any CPU
		{653006AE-812D-9932-8B4C-54C5F2FD0A58}.Debug|Any CPU.Build.0 = Debug|Any CPU
		{653006AE-812D-9932-8B4C-54C5F2FD0A58}.Release|Any CPU.ActiveCfg = Release|Any CPU
		{653006AE-812D-9932-8B4C-54C5F2FD0A58}.Release|Any CPU.Build.0 = Release|Any CPU
	EndGlobalSection
	GlobalSection(SolutionProperties) = preSolution
		HideSolutionNode = FALSE
	EndGlobalSection
	GlobalSection(ExtensibilityGlobals) = postSolution
		SolutionGuid = {1D6DE4A2-D737-4571-95F5-520046D81BF1}
	EndGlobalSection
EndGlobal
